
Microsoft Visual Studio Solution File, Format Version 12.00
# Visual Studio 2012
Project("{2150E333-8FDC-42A3-9474-1A3956D46DE8}") = "PreWindow", "PreWindow", "{72B1A3CD-439D-43D5-86E7-06BFC33B7ACB}"
EndProject
Project("{2150E333-8FDC-42A3-9474-1A3956D46DE8}") = "MainWindow", "MainWindow", "{1861493C-FE27-4839-8643-7F939641BBCE}"
EndProject
Project("{FAE04EC0-301F-11D3-BF4B-00C04F79EFBC}") = "G-Box", "G-Box\G-Box.csproj", "{52E03AFD-64F7-43C0-8610-9689B217E7F6}"
EndProject
Project("{FAE04EC0-301F-11D3-BF4B-00C04F79EFBC}") = "LogolModule", "LogolModule\LogolModule.csproj", "{AA8DC8D6-8B11-435B-8E30-2745BF89D275}"
EndProject
Project("{FAE04EC0-301F-11D3-BF4B-00C04F79EFBC}") = "RegisterModule", "RegisterModule\RegisterModule.csproj", "{85175EB7-5766-4312-A0CB-0ACF571432CA}"
EndProject
Project("{FAE04EC0-301F-11D3-BF4B-00C04F79EFBC}") = "LoginModule", "LoginModule\LoginModule.csproj", "{45B8A409-3C68-419F-8ABB-4E088B5F17DA}"
EndProject
Project("{FAE04EC0-301F-11D3-BF4B-00C04F79EFBC}") = "Resources", "Resources\Resources.csproj", "{4B90807C-7130-456A-B76A-74895965ADE4}"
EndProject
Project("{FAE04EC0-301F-11D3-BF4B-00C04F79EFBC}") = "MessageModule", "MessageModule\MessageModule.csproj", "{46A79277-C12B-4696-9730-48019A47748D}"
EndProject
Project("{FAE04EC0-301F-11D3-BF4B-00C04F79EFBC}") = "ToolClass", "ToolClass\ToolClass.csproj", "{7FDCD7A5-F1D8-4BB2-9FE1-5B75102BAA04}"
EndProject
Project("{FAE04EC0-301F-11D3-BF4B-00C04F79EFBC}") = "Configure", "Configure\Configure.csproj", "{B48F3A19-3AD1-41F7-86FC-A8649B07E85F}"
EndProject
Project("{FAE04EC0-301F-11D3-BF4B-00C04F79EFBC}") = "Xceed.Wpf.Toolkit", "Xceed.Wpf.Toolkit\Xceed.Wpf.Toolkit.csproj", "{72E591D6-8F83-4D8C-8F67-9C325E623234}"
EndProject
Project("{FAE04EC0-301F-11D3-BF4B-00C04F79EFBC}") = "CardModule", "CardModule\CardModule.csproj", "{F7412E57-4A0F-4D72-84C8-4CD85D1955B3}"
EndProject
Project("{FAE04EC0-301F-11D3-BF4B-00C04F79EFBC}") = "MahApps.Metro", "MahApps.Metro\MahApps.Metro.csproj", "{5B1710D2-5DC8-4754-91B2-19165DE49B3D}"
EndProject
Project("{FAE04EC0-301F-11D3-BF4B-00C04F79EFBC}") = "MyGamesModule", "MyGamesModule\MyGamesModule.csproj", "{1578ED81-988F-4184-9ECB-C229BB399F99}"
EndProject
Project("{FAE04EC0-301F-11D3-BF4B-00C04F79EFBC}") = "AllGamesModule", "AllGamesModule\AllGamesModule.csproj", "{CFF27B4E-357A-4434-A851-C3B789CAACDD}"
EndProject
Project("{FAE04EC0-301F-11D3-BF4B-00C04F79EFBC}") = "Games", "Games\Games.csproj", "{7779B6EA-971C-4763-AA54-149DA3CEB1D7}"
EndProject
Project("{FAE04EC0-301F-11D3-BF4B-00C04F79EFBC}") = "RankModule", "RankModule\RankModule.csproj", "{786B226C-A8C4-4C69-AE76-E89A0B49DD62}"
EndProject
Project("{FAE04EC0-301F-11D3-BF4B-00C04F79EFBC}") = "SeachModule", "SeachModule\SeachModule.csproj", "{63D48FC6-3E86-4CF8-A1CE-04FD67C011FC}"
EndProject
Project("{FAE04EC0-301F-11D3-BF4B-00C04F79EFBC}") = "IntroductionModule", "IntroductionModule\IntroductionModule.csproj", "{2D3BBAF7-FC23-4E6E-B676-95A35B66CD49}"
EndProject
Project("{FAE04EC0-301F-11D3-BF4B-00C04F79EFBC}") = "NoticeModule", "NoticeModule\NoticeModule.csproj", "{3C96B1E2-ED59-4A47-A197-8A20BEA70754}"
EndProject
Project("{FAE04EC0-301F-11D3-BF4B-00C04F79EFBC}") = "UpdateApp", "UpdateApp\UpdateApp.csproj", "{986343A5-4EAD-4C44-A611-858D9FBCB435}"
EndProject
Project("{FAE04EC0-301F-11D3-BF4B-00C04F79EFBC}") = "G-Box.Server", "G-Box.Server\G-Box.Server.csproj", "{552BAE75-38C6-4408-B3E5-D0373AC75C57}"
EndProject
Project("{FAE04EC0-301F-11D3-BF4B-00C04F79EFBC}") = "G-Box.LoginServer", "G-Box.LoginServer\G-Box.LoginServer.csproj", "{377EE6D3-5C3E-442D-A6C5-FE62EEECE68E}"
EndProject
Project("{2150E333-8FDC-42A3-9474-1A3956D46DE8}") = "Server", "Server", "{4D8B81BC-45D0-43C2-A650-94AABAC103B6}"
EndProject
Project("{2150E333-8FDC-42A3-9474-1A3956D46DE8}") = "Client", "Client", "{A646E9BA-2886-4828-95F1-5D4BB4C9F16A}"
EndProject
Project("{FAE04EC0-301F-11D3-BF4B-00C04F79EFBC}") = "ConfigAccess", "ConfigAccess\ConfigAccess.csproj", "{4F03F26B-B2AB-4035-868B-6ADEB2E6A1F0}"
EndProject
Project("{2150E333-8FDC-42A3-9474-1A3956D46DE8}") = "Public", "Public", "{6CE41987-A839-44B9-80FC-350BEFB09252}"
EndProject
Project("{FAE04EC0-301F-11D3-BF4B-00C04F79EFBC}") = "G-Box.UpdateServer", "G-Box.UpdateServer\G-Box.UpdateServer.csproj", "{2C03A00E-8CBD-41B4-9926-AEB165C475DA}"
EndProject
Project("{FAE04EC0-301F-11D3-BF4B-00C04F79EFBC}") = "ResetModule", "ResetModule\ResetModule.csproj", "{4AB69370-1C22-4ABD-9D8A-3EF9DBAF0CCF}"
EndProject
Project("{2150E333-8FDC-42A3-9474-1A3956D46DE8}") = "Game", "Game", "{65AE823C-FE83-4292-B1E5-FF0D9B2EC580}"
EndProject
Project("{FAE04EC0-301F-11D3-BF4B-00C04F79EFBC}") = "doudizhu", "DouDiZhu\doudizhu.csproj", "{5A0B3777-2F49-4695-B46E-830FFD7A3CE7}"
EndProject
Project("{FAE04EC0-301F-11D3-BF4B-00C04F79EFBC}") = "huanledoudizhu", "HuanLeDouDiZhu\huanledoudizhu.csproj", "{C080A12A-A119-4642-8273-F502EBBB2AA8}"
EndProject
Project("{FAE04EC0-301F-11D3-BF4B-00C04F79EFBC}") = "nihuawocai", "NiHuaWoCai\nihuawocai.csproj", "{535CBF52-BC04-4293-875E-3E8324DB2C3B}"
EndProject
Project("{FAE04EC0-301F-11D3-BF4B-00C04F79EFBC}") = "duiduipeng", "DuiDuiPeng\duiduipeng.csproj", "{269CFDF1-B6D2-4F46-9D49-AD6BE74EBF18}"
EndProject
Project("{FAE04EC0-301F-11D3-BF4B-00C04F79EFBC}") = "DataAccess", "DataAccess\DataAccess.csproj", "{0E8956F5-9ACB-45C6-8CB6-56B0B80E11E7}"
EndProject
Global
	GlobalSection(SolutionConfigurationPlatforms) = preSolution
		Debug|Any CPU = Debug|Any CPU
		Debug|Mixed Platforms = Debug|Mixed Platforms
		Debug|x86 = Debug|x86
		Release|Any CPU = Release|Any CPU
		Release|Mixed Platforms = Release|Mixed Platforms
		Release|x86 = Release|x86
	EndGlobalSection
	GlobalSection(ProjectConfigurationPlatforms) = postSolution
		{52E03AFD-64F7-43C0-8610-9689B217E7F6}.Debug|Any CPU.ActiveCfg = Debug|Any CPU
		{52E03AFD-64F7-43C0-8610-9689B217E7F6}.Debug|Any CPU.Build.0 = Debug|Any CPU
		{52E03AFD-64F7-43C0-8610-9689B217E7F6}.Debug|Mixed Platforms.ActiveCfg = Debug|x86
		{52E03AFD-64F7-43C0-8610-9689B217E7F6}.Debug|Mixed Platforms.Build.0 = Debug|x86
		{52E03AFD-64F7-43C0-8610-9689B217E7F6}.Debug|x86.ActiveCfg = Debug|x86
		{52E03AFD-64F7-43C0-8610-9689B217E7F6}.Debug|x86.Build.0 = Debug|x86
		{52E03AFD-64F7-43C0-8610-9689B217E7F6}.Release|Any CPU.ActiveCfg = Release|Any CPU
		{52E03AFD-64F7-43C0-8610-9689B217E7F6}.Release|Any CPU.Build.0 = Release|Any CPU
		{52E03AFD-64F7-43C0-8610-9689B217E7F6}.Release|Mixed Platforms.ActiveCfg = Release|x86
		{52E03AFD-64F7-43C0-8610-9689B217E7F6}.Release|Mixed Platforms.Build.0 = Release|x86
		{52E03AFD-64F7-43C0-8610-9689B217E7F6}.Release|x86.ActiveCfg = Release|x86
		{52E03AFD-64F7-43C0-8610-9689B217E7F6}.Release|x86.Build.0 = Release|x86
		{AA8DC8D6-8B11-435B-8E30-2745BF89D275}.Debug|Any CPU.ActiveCfg = Debug|Any CPU
		{AA8DC8D6-8B11-435B-8E30-2745BF89D275}.Debug|Any CPU.Build.0 = Debug|Any CPU
		{AA8DC8D6-8B11-435B-8E30-2745BF89D275}.Debug|Mixed Platforms.ActiveCfg = Debug|x86
		{AA8DC8D6-8B11-435B-8E30-2745BF89D275}.Debug|Mixed Platforms.Build.0 = Debug|x86
		{AA8DC8D6-8B11-435B-8E30-2745BF89D275}.Debug|x86.ActiveCfg = Debug|x86
		{AA8DC8D6-8B11-435B-8E30-2745BF89D275}.Debug|x86.Build.0 = Debug|x86
		{AA8DC8D6-8B11-435B-8E30-2745BF89D275}.Release|Any CPU.ActiveCfg = Release|Any CPU
		{AA8DC8D6-8B11-435B-8E30-2745BF89D275}.Release|Any CPU.Build.0 = Release|Any CPU
		{AA8DC8D6-8B11-435B-8E30-2745BF89D275}.Release|Mixed Platforms.ActiveCfg = Release|x86
		{AA8DC8D6-8B11-435B-8E30-2745BF89D275}.Release|Mixed Platforms.Build.0 = Release|x86
		{AA8DC8D6-8B11-435B-8E30-2745BF89D275}.Release|x86.ActiveCfg = Release|x86
		{AA8DC8D6-8B11-435B-8E30-2745BF89D275}.Release|x86.Build.0 = Release|x86
		{85175EB7-5766-4312-A0CB-0ACF571432CA}.Debug|Any CPU.ActiveCfg = Debug|Any CPU
		{85175EB7-5766-4312-A0CB-0ACF571432CA}.Debug|Any CPU.Build.0 = Debug|Any CPU
		{85175EB7-5766-4312-A0CB-0ACF571432CA}.Debug|Mixed Platforms.ActiveCfg = Debug|x86
		{85175EB7-5766-4312-A0CB-0ACF571432CA}.Debug|Mixed Platforms.Build.0 = Debug|x86
		{85175EB7-5766-4312-A0CB-0ACF571432CA}.Debug|x86.ActiveCfg = Debug|x86
		{85175EB7-5766-4312-A0CB-0ACF571432CA}.Debug|x86.Build.0 = Debug|x86
		{85175EB7-5766-4312-A0CB-0ACF571432CA}.Release|Any CPU.ActiveCfg = Release|Any CPU
		{85175EB7-5766-4312-A0CB-0ACF571432CA}.Release|Any CPU.Build.0 = Release|Any CPU
		{85175EB7-5766-4312-A0CB-0ACF571432CA}.Release|Mixed Platforms.ActiveCfg = Release|x86
		{85175EB7-5766-4312-A0CB-0ACF571432CA}.Release|Mixed Platforms.Build.0 = Release|x86
		{85175EB7-5766-4312-A0CB-0ACF571432CA}.Release|x86.ActiveCfg = Release|x86
		{85175EB7-5766-4312-A0CB-0ACF571432CA}.Release|x86.Build.0 = Release|x86
		{45B8A409-3C68-419F-8ABB-4E088B5F17DA}.Debug|Any CPU.ActiveCfg = Debug|Any CPU
		{45B8A409-3C68-419F-8ABB-4E088B5F17DA}.Debug|Any CPU.Build.0 = Debug|Any CPU
		{45B8A409-3C68-419F-8ABB-4E088B5F17DA}.Debug|Mixed Platforms.ActiveCfg = Debug|x86
		{45B8A409-3C68-419F-8ABB-4E088B5F17DA}.Debug|Mixed Platforms.Build.0 = Debug|x86
		{45B8A409-3C68-419F-8ABB-4E088B5F17DA}.Debug|x86.ActiveCfg = Debug|x86
		{45B8A409-3C68-419F-8ABB-4E088B5F17DA}.Debug|x86.Build.0 = Debug|x86
		{45B8A409-3C68-419F-8ABB-4E088B5F17DA}.Release|Any CPU.ActiveCfg = Release|Any CPU
		{45B8A409-3C68-419F-8ABB-4E088B5F17DA}.Release|Any CPU.Build.0 = Release|Any CPU
		{45B8A409-3C68-419F-8ABB-4E088B5F17DA}.Release|Mixed Platforms.ActiveCfg = Release|x86
		{45B8A409-3C68-419F-8ABB-4E088B5F17DA}.Release|Mixed Platforms.Build.0 = Release|x86
		{45B8A409-3C68-419F-8ABB-4E088B5F17DA}.Release|x86.ActiveCfg = Release|x86
		{45B8A409-3C68-419F-8ABB-4E088B5F17DA}.Release|x86.Build.0 = Release|x86
		{4B90807C-7130-456A-B76A-74895965ADE4}.Debug|Any CPU.ActiveCfg = Debug|Any CPU
		{4B90807C-7130-456A-B76A-74895965ADE4}.Debug|Any CPU.Build.0 = Debug|Any CPU
		{4B90807C-7130-456A-B76A-74895965ADE4}.Debug|Mixed Platforms.ActiveCfg = Debug|x86
		{4B90807C-7130-456A-B76A-74895965ADE4}.Debug|Mixed Platforms.Build.0 = Debug|x86
		{4B90807C-7130-456A-B76A-74895965ADE4}.Debug|x86.ActiveCfg = Debug|x86
		{4B90807C-7130-456A-B76A-74895965ADE4}.Debug|x86.Build.0 = Debug|x86
		{4B90807C-7130-456A-B76A-74895965ADE4}.Release|Any CPU.ActiveCfg = Release|Any CPU
		{4B90807C-7130-456A-B76A-74895965ADE4}.Release|Any CPU.Build.0 = Release|Any CPU
		{4B90807C-7130-456A-B76A-74895965ADE4}.Release|Mixed Platforms.ActiveCfg = Release|x86
		{4B90807C-7130-456A-B76A-74895965ADE4}.Release|Mixed Platforms.Build.0 = Release|x86
		{4B90807C-7130-456A-B76A-74895965ADE4}.Release|x86.ActiveCfg = Release|x86
		{4B90807C-7130-456A-B76A-74895965ADE4}.Release|x86.Build.0 = Release|x86
		{46A79277-C12B-4696-9730-48019A47748D}.Debug|Any CPU.ActiveCfg = Debug|Any CPU
		{46A79277-C12B-4696-9730-48019A47748D}.Debug|Any CPU.Build.0 = Debug|Any CPU
		{46A79277-C12B-4696-9730-48019A47748D}.Debug|Mixed Platforms.ActiveCfg = Debug|x86
		{46A79277-C12B-4696-9730-48019A47748D}.Debug|Mixed Platforms.Build.0 = Debug|x86
		{46A79277-C12B-4696-9730-48019A47748D}.Debug|x86.ActiveCfg = Debug|x86
		{46A79277-C12B-4696-9730-48019A47748D}.Debug|x86.Build.0 = Debug|x86
		{46A79277-C12B-4696-9730-48019A47748D}.Release|Any CPU.ActiveCfg = Release|Any CPU
		{46A79277-C12B-4696-9730-48019A47748D}.Release|Any CPU.Build.0 = Release|Any CPU
		{46A79277-C12B-4696-9730-48019A47748D}.Release|Mixed Platforms.ActiveCfg = Release|x86
		{46A79277-C12B-4696-9730-48019A47748D}.Release|Mixed Platforms.Build.0 = Release|x86
		{46A79277-C12B-4696-9730-48019A47748D}.Release|x86.ActiveCfg = Release|x86
		{46A79277-C12B-4696-9730-48019A47748D}.Release|x86.Build.0 = Release|x86
		{7FDCD7A5-F1D8-4BB2-9FE1-5B75102BAA04}.Debug|Any CPU.ActiveCfg = Debug|Any CPU
		{7FDCD7A5-F1D8-4BB2-9FE1-5B75102BAA04}.Debug|Any CPU.Build.0 = Debug|Any CPU
		{7FDCD7A5-F1D8-4BB2-9FE1-5B75102BAA04}.Debug|Mixed Platforms.ActiveCfg = Debug|x86
		{7FDCD7A5-F1D8-4BB2-9FE1-5B75102BAA04}.Debug|Mixed Platforms.Build.0 = Debug|x86
		{7FDCD7A5-F1D8-4BB2-9FE1-5B75102BAA04}.Debug|x86.ActiveCfg = Debug|x86
		{7FDCD7A5-F1D8-4BB2-9FE1-5B75102BAA04}.Debug|x86.Build.0 = Debug|x86
		{7FDCD7A5-F1D8-4BB2-9FE1-5B75102BAA04}.Release|Any CPU.ActiveCfg = Release|Any CPU
		{7FDCD7A5-F1D8-4BB2-9FE1-5B75102BAA04}.Release|Any CPU.Build.0 = Release|Any CPU
		{7FDCD7A5-F1D8-4BB2-9FE1-5B75102BAA04}.Release|Mixed Platforms.ActiveCfg = Release|x86
		{7FDCD7A5-F1D8-4BB2-9FE1-5B75102BAA04}.Release|Mixed Platforms.Build.0 = Release|x86
		{7FDCD7A5-F1D8-4BB2-9FE1-5B75102BAA04}.Release|x86.ActiveCfg = Release|x86
		{7FDCD7A5-F1D8-4BB2-9FE1-5B75102BAA04}.Release|x86.Build.0 = Release|x86
		{B48F3A19-3AD1-41F7-86FC-A8649B07E85F}.Debug|Any CPU.ActiveCfg = Debug|Any CPU
		{B48F3A19-3AD1-41F7-86FC-A8649B07E85F}.Debug|Any CPU.Build.0 = Debug|Any CPU
		{B48F3A19-3AD1-41F7-86FC-A8649B07E85F}.Debug|Mixed Platforms.ActiveCfg = Debug|x86
		{B48F3A19-3AD1-41F7-86FC-A8649B07E85F}.Debug|Mixed Platforms.Build.0 = Debug|x86
		{B48F3A19-3AD1-41F7-86FC-A8649B07E85F}.Debug|x86.ActiveCfg = Debug|x86
		{B48F3A19-3AD1-41F7-86FC-A8649B07E85F}.Debug|x86.Build.0 = Debug|x86
		{B48F3A19-3AD1-41F7-86FC-A8649B07E85F}.Release|Any CPU.ActiveCfg = Release|Any CPU
		{B48F3A19-3AD1-41F7-86FC-A8649B07E85F}.Release|Any CPU.Build.0 = Release|Any CPU
		{B48F3A19-3AD1-41F7-86FC-A8649B07E85F}.Release|Mixed Platforms.ActiveCfg = Release|x86
		{B48F3A19-3AD1-41F7-86FC-A8649B07E85F}.Release|Mixed Platforms.Build.0 = Release|x86
		{B48F3A19-3AD1-41F7-86FC-A8649B07E85F}.Release|x86.ActiveCfg = Release|x86
		{B48F3A19-3AD1-41F7-86FC-A8649B07E85F}.Release|x86.Build.0 = Release|x86
		{72E591D6-8F83-4D8C-8F67-9C325E623234}.Debug|Any CPU.ActiveCfg = Debug|Any CPU
		{72E591D6-8F83-4D8C-8F67-9C325E623234}.Debug|Any CPU.Build.0 = Debug|Any CPU
		{72E591D6-8F83-4D8C-8F67-9C325E623234}.Debug|Mixed Platforms.ActiveCfg = Debug|x86
		{72E591D6-8F83-4D8C-8F67-9C325E623234}.Debug|Mixed Platforms.Build.0 = Debug|x86
		{72E591D6-8F83-4D8C-8F67-9C325E623234}.Debug|x86.ActiveCfg = Debug|x86
		{72E591D6-8F83-4D8C-8F67-9C325E623234}.Debug|x86.Build.0 = Debug|x86
		{72E591D6-8F83-4D8C-8F67-9C325E623234}.Release|Any CPU.ActiveCfg = Release|Any CPU
		{72E591D6-8F83-4D8C-8F67-9C325E623234}.Release|Any CPU.Build.0 = Release|Any CPU
		{72E591D6-8F83-4D8C-8F67-9C325E623234}.Release|Mixed Platforms.ActiveCfg = Release|x86
		{72E591D6-8F83-4D8C-8F67-9C325E623234}.Release|Mixed Platforms.Build.0 = Release|x86
		{72E591D6-8F83-4D8C-8F67-9C325E623234}.Release|x86.ActiveCfg = Release|x86
		{72E591D6-8F83-4D8C-8F67-9C325E623234}.Release|x86.Build.0 = Release|x86
		{F7412E57-4A0F-4D72-84C8-4CD85D1955B3}.Debug|Any CPU.ActiveCfg = Debug|Any CPU
		{F7412E57-4A0F-4D72-84C8-4CD85D1955B3}.Debug|Any CPU.Build.0 = Debug|Any CPU
		{F7412E57-4A0F-4D72-84C8-4CD85D1955B3}.Debug|Mixed Platforms.ActiveCfg = Debug|x86
		{F7412E57-4A0F-4D72-84C8-4CD85D1955B3}.Debug|Mixed Platforms.Build.0 = Debug|x86
		{F7412E57-4A0F-4D72-84C8-4CD85D1955B3}.Debug|x86.ActiveCfg = Debug|x86
		{F7412E57-4A0F-4D72-84C8-4CD85D1955B3}.Debug|x86.Build.0 = Debug|x86
		{F7412E57-4A0F-4D72-84C8-4CD85D1955B3}.Release|Any CPU.ActiveCfg = Release|Any CPU
		{F7412E57-4A0F-4D72-84C8-4CD85D1955B3}.Release|Any CPU.Build.0 = Release|Any CPU
		{F7412E57-4A0F-4D72-84C8-4CD85D1955B3}.Release|Mixed Platforms.ActiveCfg = Release|x86
		{F7412E57-4A0F-4D72-84C8-4CD85D1955B3}.Release|Mixed Platforms.Build.0 = Release|x86
		{F7412E57-4A0F-4D72-84C8-4CD85D1955B3}.Release|x86.ActiveCfg = Release|x86
		{F7412E57-4A0F-4D72-84C8-4CD85D1955B3}.Release|x86.Build.0 = Release|x86
		{5B1710D2-5DC8-4754-91B2-19165DE49B3D}.Debug|Any CPU.ActiveCfg = Debug|Any CPU
		{5B1710D2-5DC8-4754-91B2-19165DE49B3D}.Debug|Any CPU.Build.0 = Debug|Any CPU
		{5B1710D2-5DC8-4754-91B2-19165DE49B3D}.Debug|Mixed Platforms.ActiveCfg = Debug|x86
		{5B1710D2-5DC8-4754-91B2-19165DE49B3D}.Debug|Mixed Platforms.Build.0 = Debug|x86
		{5B1710D2-5DC8-4754-91B2-19165DE49B3D}.Debug|x86.ActiveCfg = Debug|x86
		{5B1710D2-5DC8-4754-91B2-19165DE49B3D}.Debug|x86.Build.0 = Debug|x86
		{5B1710D2-5DC8-4754-91B2-19165DE49B3D}.Release|Any CPU.ActiveCfg = Release|Any CPU
		{5B1710D2-5DC8-4754-91B2-19165DE49B3D}.Release|Any CPU.Build.0 = Release|Any CPU
		{5B1710D2-5DC8-4754-91B2-19165DE49B3D}.Release|Mixed Platforms.ActiveCfg = Release|x86
		{5B1710D2-5DC8-4754-91B2-19165DE49B3D}.Release|Mixed Platforms.Build.0 = Release|x86
		{5B1710D2-5DC8-4754-91B2-19165DE49B3D}.Release|x86.ActiveCfg = Release|x86
		{5B1710D2-5DC8-4754-91B2-19165DE49B3D}.Release|x86.Build.0 = Release|x86
		{1578ED81-988F-4184-9ECB-C229BB399F99}.Debug|Any CPU.ActiveCfg = Debug|Any CPU
		{1578ED81-988F-4184-9ECB-C229BB399F99}.Debug|Any CPU.Build.0 = Debug|Any CPU
		{1578ED81-988F-4184-9ECB-C229BB399F99}.Debug|Mixed Platforms.ActiveCfg = Debug|x86
		{1578ED81-988F-4184-9ECB-C229BB399F99}.Debug|Mixed Platforms.Build.0 = Debug|x86
		{1578ED81-988F-4184-9ECB-C229BB399F99}.Debug|x86.ActiveCfg = Debug|x86
		{1578ED81-988F-4184-9ECB-C229BB399F99}.Debug|x86.Build.0 = Debug|x86
		{1578ED81-988F-4184-9ECB-C229BB399F99}.Release|Any CPU.ActiveCfg = Release|Any CPU
		{1578ED81-988F-4184-9ECB-C229BB399F99}.Release|Any CPU.Build.0 = Release|Any CPU
		{1578ED81-988F-4184-9ECB-C229BB399F99}.Release|Mixed Platforms.ActiveCfg = Release|x86
		{1578ED81-988F-4184-9ECB-C229BB399F99}.Release|Mixed Platforms.Build.0 = Release|x86
		{1578ED81-988F-4184-9ECB-C229BB399F99}.Release|x86.ActiveCfg = Release|x86
		{1578ED81-988F-4184-9ECB-C229BB399F99}.Release|x86.Build.0 = Release|x86
		{CFF27B4E-357A-4434-A851-C3B789CAACDD}.Debug|Any CPU.ActiveCfg = Debug|Any CPU
		{CFF27B4E-357A-4434-A851-C3B789CAACDD}.Debug|Any CPU.Build.0 = Debug|Any CPU
		{CFF27B4E-357A-4434-A851-C3B789CAACDD}.Debug|Mixed Platforms.ActiveCfg = Debug|x86
		{CFF27B4E-357A-4434-A851-C3B789CAACDD}.Debug|Mixed Platforms.Build.0 = Debug|x86
		{CFF27B4E-357A-4434-A851-C3B789CAACDD}.Debug|x86.ActiveCfg = Debug|x86
		{CFF27B4E-357A-4434-A851-C3B789CAACDD}.Debug|x86.Build.0 = Debug|x86
		{CFF27B4E-357A-4434-A851-C3B789CAACDD}.Release|Any CPU.ActiveCfg = Release|Any CPU
		{CFF27B4E-357A-4434-A851-C3B789CAACDD}.Release|Any CPU.Build.0 = Release|Any CPU
		{CFF27B4E-357A-4434-A851-C3B789CAACDD}.Release|Mixed Platforms.ActiveCfg = Release|x86
		{CFF27B4E-357A-4434-A851-C3B789CAACDD}.Release|Mixed Platforms.Build.0 = Release|x86
		{CFF27B4E-357A-4434-A851-C3B789CAACDD}.Release|x86.ActiveCfg = Release|x86
		{CFF27B4E-357A-4434-A851-C3B789CAACDD}.Release|x86.Build.0 = Release|x86
		{7779B6EA-971C-4763-AA54-149DA3CEB1D7}.Debug|Any CPU.ActiveCfg = Debug|Any CPU
		{7779B6EA-971C-4763-AA54-149DA3CEB1D7}.Debug|Any CPU.Build.0 = Debug|Any CPU
		{7779B6EA-971C-4763-AA54-149DA3CEB1D7}.Debug|Mixed Platforms.ActiveCfg = Debug|x86
		{7779B6EA-971C-4763-AA54-149DA3CEB1D7}.Debug|Mixed Platforms.Build.0 = Debug|x86
		{7779B6EA-971C-4763-AA54-149DA3CEB1D7}.Debug|x86.ActiveCfg = Debug|x86
		{7779B6EA-971C-4763-AA54-149DA3CEB1D7}.Debug|x86.Build.0 = Debug|x86
		{7779B6EA-971C-4763-AA54-149DA3CEB1D7}.Release|Any CPU.ActiveCfg = Release|Any CPU
		{7779B6EA-971C-4763-AA54-149DA3CEB1D7}.Release|Any CPU.Build.0 = Release|Any CPU
		{7779B6EA-971C-4763-AA54-149DA3CEB1D7}.Release|Mixed Platforms.ActiveCfg = Release|x86
		{7779B6EA-971C-4763-AA54-149DA3CEB1D7}.Release|Mixed Platforms.Build.0 = Release|x86
		{7779B6EA-971C-4763-AA54-149DA3CEB1D7}.Release|x86.ActiveCfg = Release|x86
		{7779B6EA-971C-4763-AA54-149DA3CEB1D7}.Release|x86.Build.0 = Release|x86
		{786B226C-A8C4-4C69-AE76-E89A0B49DD62}.Debug|Any CPU.ActiveCfg = Debug|Any CPU
		{786B226C-A8C4-4C69-AE76-E89A0B49DD62}.Debug|Any CPU.Build.0 = Debug|Any CPU
		{786B226C-A8C4-4C69-AE76-E89A0B49DD62}.Debug|Mixed Platforms.ActiveCfg = Debug|x86
		{786B226C-A8C4-4C69-AE76-E89A0B49DD62}.Debug|Mixed Platforms.Build.0 = Debug|x86
		{786B226C-A8C4-4C69-AE76-E89A0B49DD62}.Debug|x86.ActiveCfg = Debug|x86
		{786B226C-A8C4-4C69-AE76-E89A0B49DD62}.Debug|x86.Build.0 = Debug|x86
		{786B226C-A8C4-4C69-AE76-E89A0B49DD62}.Release|Any CPU.ActiveCfg = Release|Any CPU
		{786B226C-A8C4-4C69-AE76-E89A0B49DD62}.Release|Any CPU.Build.0 = Release|Any CPU
		{786B226C-A8C4-4C69-AE76-E89A0B49DD62}.Release|Mixed Platforms.ActiveCfg = Release|x86
		{786B226C-A8C4-4C69-AE76-E89A0B49DD62}.Release|Mixed Platforms.Build.0 = Release|x86
		{786B226C-A8C4-4C69-AE76-E89A0B49DD62}.Release|x86.ActiveCfg = Release|x86
		{786B226C-A8C4-4C69-AE76-E89A0B49DD62}.Release|x86.Build.0 = Release|x86
		{63D48FC6-3E86-4CF8-A1CE-04FD67C011FC}.Debug|Any CPU.ActiveCfg = Debug|Any CPU
		{63D48FC6-3E86-4CF8-A1CE-04FD67C011FC}.Debug|Any CPU.Build.0 = Debug|Any CPU
		{63D48FC6-3E86-4CF8-A1CE-04FD67C011FC}.Debug|Mixed Platforms.ActiveCfg = Debug|x86
		{63D48FC6-3E86-4CF8-A1CE-04FD67C011FC}.Debug|Mixed Platforms.Build.0 = Debug|x86
		{63D48FC6-3E86-4CF8-A1CE-04FD67C011FC}.Debug|x86.ActiveCfg = Debug|x86
		{63D48FC6-3E86-4CF8-A1CE-04FD67C011FC}.Debug|x86.Build.0 = Debug|x86
		{63D48FC6-3E86-4CF8-A1CE-04FD67C011FC}.Release|Any CPU.ActiveCfg = Release|Any CPU
		{63D48FC6-3E86-4CF8-A1CE-04FD67C011FC}.Release|Any CPU.Build.0 = Release|Any CPU
		{63D48FC6-3E86-4CF8-A1CE-04FD67C011FC}.Release|Mixed Platforms.ActiveCfg = Release|x86
		{63D48FC6-3E86-4CF8-A1CE-04FD67C011FC}.Release|Mixed Platforms.Build.0 = Release|x86
		{63D48FC6-3E86-4CF8-A1CE-04FD67C011FC}.Release|x86.ActiveCfg = Release|x86
		{63D48FC6-3E86-4CF8-A1CE-04FD67C011FC}.Release|x86.Build.0 = Release|x86
		{2D3BBAF7-FC23-4E6E-B676-95A35B66CD49}.Debug|Any CPU.ActiveCfg = Debug|Any CPU
		{2D3BBAF7-FC23-4E6E-B676-95A35B66CD49}.Debug|Any CPU.Build.0 = Debug|Any CPU
		{2D3BBAF7-FC23-4E6E-B676-95A35B66CD49}.Debug|Mixed Platforms.ActiveCfg = Debug|x86
		{2D3BBAF7-FC23-4E6E-B676-95A35B66CD49}.Debug|Mixed Platforms.Build.0 = Debug|x86
		{2D3BBAF7-FC23-4E6E-B676-95A35B66CD49}.Debug|x86.ActiveCfg = Debug|x86
		{2D3BBAF7-FC23-4E6E-B676-95A35B66CD49}.Debug|x86.Build.0 = Debug|x86
		{2D3BBAF7-FC23-4E6E-B676-95A35B66CD49}.Release|Any CPU.ActiveCfg = Release|Any CPU
		{2D3BBAF7-FC23-4E6E-B676-95A35B66CD49}.Release|Any CPU.Build.0 = Release|Any CPU
		{2D3BBAF7-FC23-4E6E-B676-95A35B66CD49}.Release|Mixed Platforms.ActiveCfg = Release|x86
		{2D3BBAF7-FC23-4E6E-B676-95A35B66CD49}.Release|Mixed Platforms.Build.0 = Release|x86
		{2D3BBAF7-FC23-4E6E-B676-95A35B66CD49}.Release|x86.ActiveCfg = Release|x86
		{2D3BBAF7-FC23-4E6E-B676-95A35B66CD49}.Release|x86.Build.0 = Release|x86
		{3C96B1E2-ED59-4A47-A197-8A20BEA70754}.Debug|Any CPU.ActiveCfg = Debug|Any CPU
		{3C96B1E2-ED59-4A47-A197-8A20BEA70754}.Debug|Any CPU.Build.0 = Debug|Any CPU
		{3C96B1E2-ED59-4A47-A197-8A20BEA70754}.Debug|Mixed Platforms.ActiveCfg = Debug|x86
		{3C96B1E2-ED59-4A47-A197-8A20BEA70754}.Debug|Mixed Platforms.Build.0 = Debug|x86
		{3C96B1E2-ED59-4A47-A197-8A20BEA70754}.Debug|x86.ActiveCfg = Debug|x86
		{3C96B1E2-ED59-4A47-A197-8A20BEA70754}.Debug|x86.Build.0 = Debug|x86
		{3C96B1E2-ED59-4A47-A197-8A20BEA70754}.Release|Any CPU.ActiveCfg = Release|Any CPU
		{3C96B1E2-ED59-4A47-A197-8A20BEA70754}.Release|Any CPU.Build.0 = Release|Any CPU
		{3C96B1E2-ED59-4A47-A197-8A20BEA70754}.Release|Mixed Platforms.ActiveCfg = Release|x86
		{3C96B1E2-ED59-4A47-A197-8A20BEA70754}.Release|Mixed Platforms.Build.0 = Release|x86
		{3C96B1E2-ED59-4A47-A197-8A20BEA70754}.Release|x86.ActiveCfg = Release|x86
		{3C96B1E2-ED59-4A47-A197-8A20BEA70754}.Release|x86.Build.0 = Release|x86
		{986343A5-4EAD-4C44-A611-858D9FBCB435}.Debug|Any CPU.ActiveCfg = Debug|Any CPU
		{986343A5-4EAD-4C44-A611-858D9FBCB435}.Debug|Any CPU.Build.0 = Debug|Any CPU
		{986343A5-4EAD-4C44-A611-858D9FBCB435}.Debug|Mixed Platforms.ActiveCfg = Debug|x86
		{986343A5-4EAD-4C44-A611-858D9FBCB435}.Debug|Mixed Platforms.Build.0 = Debug|x86
		{986343A5-4EAD-4C44-A611-858D9FBCB435}.Debug|x86.ActiveCfg = Debug|x86
		{986343A5-4EAD-4C44-A611-858D9FBCB435}.Debug|x86.Build.0 = Debug|x86
		{986343A5-4EAD-4C44-A611-858D9FBCB435}.Release|Any CPU.ActiveCfg = Release|Any CPU
		{986343A5-4EAD-4C44-A611-858D9FBCB435}.Release|Any CPU.Build.0 = Release|Any CPU
		{986343A5-4EAD-4C44-A611-858D9FBCB435}.Release|Mixed Platforms.ActiveCfg = Release|x86
		{986343A5-4EAD-4C44-A611-858D9FBCB435}.Release|Mixed Platforms.Build.0 = Release|x86
		{986343A5-4EAD-4C44-A611-858D9FBCB435}.Release|x86.ActiveCfg = Release|x86
		{986343A5-4EAD-4C44-A611-858D9FBCB435}.Release|x86.Build.0 = Release|x86
		{552BAE75-38C6-4408-B3E5-D0373AC75C57}.Debug|Any CPU.ActiveCfg = Debug|Any CPU
		{552BAE75-38C6-4408-B3E5-D0373AC75C57}.Debug|Any CPU.Build.0 = Debug|Any CPU
		{552BAE75-38C6-4408-B3E5-D0373AC75C57}.Debug|Mixed Platforms.ActiveCfg = Debug|x86
		{552BAE75-38C6-4408-B3E5-D0373AC75C57}.Debug|Mixed Platforms.Build.0 = Debug|x86
		{552BAE75-38C6-4408-B3E5-D0373AC75C57}.Debug|x86.ActiveCfg = Debug|x86
		{552BAE75-38C6-4408-B3E5-D0373AC75C57}.Debug|x86.Build.0 = Debug|x86
		{552BAE75-38C6-4408-B3E5-D0373AC75C57}.Release|Any CPU.ActiveCfg = Release|Any CPU
		{552BAE75-38C6-4408-B3E5-D0373AC75C57}.Release|Any CPU.Build.0 = Release|Any CPU
		{552BAE75-38C6-4408-B3E5-D0373AC75C57}.Release|Mixed Platforms.ActiveCfg = Release|x86
		{552BAE75-38C6-4408-B3E5-D0373AC75C57}.Release|Mixed Platforms.Build.0 = Release|x86
		{552BAE75-38C6-4408-B3E5-D0373AC75C57}.Release|x86.ActiveCfg = Release|x86
		{552BAE75-38C6-4408-B3E5-D0373AC75C57}.Release|x86.Build.0 = Release|x86
		{377EE6D3-5C3E-442D-A6C5-FE62EEECE68E}.Debug|Any CPU.ActiveCfg = Debug|Any CPU
		{377EE6D3-5C3E-442D-A6C5-FE62EEECE68E}.Debug|Any CPU.Build.0 = Debug|Any CPU
		{377EE6D3-5C3E-442D-A6C5-FE62EEECE68E}.Debug|Mixed Platforms.ActiveCfg = Debug|x86
		{377EE6D3-5C3E-442D-A6C5-FE62EEECE68E}.Debug|Mixed Platforms.Build.0 = Debug|x86
		{377EE6D3-5C3E-442D-A6C5-FE62EEECE68E}.Debug|x86.ActiveCfg = Debug|x86
		{377EE6D3-5C3E-442D-A6C5-FE62EEECE68E}.Debug|x86.Build.0 = Debug|x86
		{377EE6D3-5C3E-442D-A6C5-FE62EEECE68E}.Release|Any CPU.ActiveCfg = Release|Any CPU
		{377EE6D3-5C3E-442D-A6C5-FE62EEECE68E}.Release|Any CPU.Build.0 = Release|Any CPU
		{377EE6D3-5C3E-442D-A6C5-FE62EEECE68E}.Release|Mixed Platforms.ActiveCfg = Release|x86
		{377EE6D3-5C3E-442D-A6C5-FE62EEECE68E}.Release|Mixed Platforms.Build.0 = Release|x86
		{377EE6D3-5C3E-442D-A6C5-FE62EEECE68E}.Release|x86.ActiveCfg = Release|x86
		{377EE6D3-5C3E-442D-A6C5-FE62EEECE68E}.Release|x86.Build.0 = Release|x86
		{4F03F26B-B2AB-4035-868B-6ADEB2E6A1F0}.Debug|Any CPU.ActiveCfg = Debug|Any CPU
		{4F03F26B-B2AB-4035-868B-6ADEB2E6A1F0}.Debug|Any CPU.Build.0 = Debug|Any CPU
		{4F03F26B-B2AB-4035-868B-6ADEB2E6A1F0}.Debug|Mixed Platforms.ActiveCfg = Debug|x86
		{4F03F26B-B2AB-4035-868B-6ADEB2E6A1F0}.Debug|Mixed Platforms.Build.0 = Debug|x86
		{4F03F26B-B2AB-4035-868B-6ADEB2E6A1F0}.Debug|x86.ActiveCfg = Debug|x86
		{4F03F26B-B2AB-4035-868B-6ADEB2E6A1F0}.Debug|x86.Build.0 = Debug|x86
		{4F03F26B-B2AB-4035-868B-6ADEB2E6A1F0}.Release|Any CPU.ActiveCfg = Release|Any CPU
		{4F03F26B-B2AB-4035-868B-6ADEB2E6A1F0}.Release|Any CPU.Build.0 = Release|Any CPU
		{4F03F26B-B2AB-4035-868B-6ADEB2E6A1F0}.Release|Mixed Platforms.ActiveCfg = Release|x86
		{4F03F26B-B2AB-4035-868B-6ADEB2E6A1F0}.Release|Mixed Platforms.Build.0 = Release|x86
		{4F03F26B-B2AB-4035-868B-6ADEB2E6A1F0}.Release|x86.ActiveCfg = Release|x86
		{4F03F26B-B2AB-4035-868B-6ADEB2E6A1F0}.Release|x86.Build.0 = Release|x86
		{2C03A00E-8CBD-41B4-9926-AEB165C475DA}.Debug|Any CPU.ActiveCfg = Debug|Any CPU
		{2C03A00E-8CBD-41B4-9926-AEB165C475DA}.Debug|Any CPU.Build.0 = Debug|Any CPU
		{2C03A00E-8CBD-41B4-9926-AEB165C475DA}.Debug|Mixed Platforms.ActiveCfg = Debug|x86
		{2C03A00E-8CBD-41B4-9926-AEB165C475DA}.Debug|Mixed Platforms.Build.0 = Debug|x86
		{2C03A00E-8CBD-41B4-9926-AEB165C475DA}.Debug|x86.ActiveCfg = Debug|x86
		{2C03A00E-8CBD-41B4-9926-AEB165C475DA}.Debug|x86.Build.0 = Debug|x86
		{2C03A00E-8CBD-41B4-9926-AEB165C475DA}.Release|Any CPU.ActiveCfg = Release|Any CPU
		{2C03A00E-8CBD-41B4-9926-AEB165C475DA}.Release|Any CPU.Build.0 = Release|Any CPU
		{2C03A00E-8CBD-41B4-9926-AEB165C475DA}.Release|Mixed Platforms.ActiveCfg = Release|x86
		{2C03A00E-8CBD-41B4-9926-AEB165C475DA}.Release|Mixed Platforms.Build.0 = Release|x86
		{2C03A00E-8CBD-41B4-9926-AEB165C475DA}.Release|x86.ActiveCfg = Release|x86
		{2C03A00E-8CBD-41B4-9926-AEB165C475DA}.Release|x86.Build.0 = Release|x86
		{4AB69370-1C22-4ABD-9D8A-3EF9DBAF0CCF}.Debug|Any CPU.ActiveCfg = Debug|Any CPU
		{4AB69370-1C22-4ABD-9D8A-3EF9DBAF0CCF}.Debug|Any CPU.Build.0 = Debug|Any CPU
		{4AB69370-1C22-4ABD-9D8A-3EF9DBAF0CCF}.Debug|Mixed Platforms.ActiveCfg = Debug|x86
		{4AB69370-1C22-4ABD-9D8A-3EF9DBAF0CCF}.Debug|Mixed Platforms.Build.0 = Debug|x86
		{4AB69370-1C22-4ABD-9D8A-3EF9DBAF0CCF}.Debug|x86.ActiveCfg = Debug|x86
		{4AB69370-1C22-4ABD-9D8A-3EF9DBAF0CCF}.Debug|x86.Build.0 = Debug|x86
		{4AB69370-1C22-4ABD-9D8A-3EF9DBAF0CCF}.Release|Any CPU.ActiveCfg = Release|Any CPU
		{4AB69370-1C22-4ABD-9D8A-3EF9DBAF0CCF}.Release|Any CPU.Build.0 = Release|Any CPU
		{4AB69370-1C22-4ABD-9D8A-3EF9DBAF0CCF}.Release|Mixed Platforms.ActiveCfg = Release|x86
		{4AB69370-1C22-4ABD-9D8A-3EF9DBAF0CCF}.Release|Mixed Platforms.Build.0 = Release|x86
		{4AB69370-1C22-4ABD-9D8A-3EF9DBAF0CCF}.Release|x86.ActiveCfg = Release|x86
		{4AB69370-1C22-4ABD-9D8A-3EF9DBAF0CCF}.Release|x86.Build.0 = Release|x86
		{5A0B3777-2F49-4695-B46E-830FFD7A3CE7}.Debug|Any CPU.ActiveCfg = Debug|Any CPU
		{5A0B3777-2F49-4695-B46E-830FFD7A3CE7}.Debug|Any CPU.Build.0 = Debug|Any CPU
		{5A0B3777-2F49-4695-B46E-830FFD7A3CE7}.Debug|Mixed Platforms.ActiveCfg = Debug|x86
		{5A0B3777-2F49-4695-B46E-830FFD7A3CE7}.Debug|Mixed Platforms.Build.0 = Debug|x86
		{5A0B3777-2F49-4695-B46E-830FFD7A3CE7}.Debug|x86.ActiveCfg = Debug|x86
		{5A0B3777-2F49-4695-B46E-830FFD7A3CE7}.Debug|x86.Build.0 = Debug|x86
		{5A0B3777-2F49-4695-B46E-830FFD7A3CE7}.Release|Any CPU.ActiveCfg = Release|Any CPU
		{5A0B3777-2F49-4695-B46E-830FFD7A3CE7}.Release|Any CPU.Build.0 = Release|Any CPU
		{5A0B3777-2F49-4695-B46E-830FFD7A3CE7}.Release|Mixed Platforms.ActiveCfg = Release|x86
		{5A0B3777-2F49-4695-B46E-830FFD7A3CE7}.Release|Mixed Platforms.Build.0 = Release|x86
		{5A0B3777-2F49-4695-B46E-830FFD7A3CE7}.Release|x86.ActiveCfg = Release|x86
		{5A0B3777-2F49-4695-B46E-830FFD7A3CE7}.Release|x86.Build.0 = Release|x86
		{C080A12A-A119-4642-8273-F502EBBB2AA8}.Debug|Any CPU.ActiveCfg = Debug|Any CPU
		{C080A12A-A119-4642-8273-F502EBBB2AA8}.Debug|Any CPU.Build.0 = Debug|Any CPU
		{C080A12A-A119-4642-8273-F502EBBB2AA8}.Debug|Mixed Platforms.ActiveCfg = Debug|Any CPU
		{C080A12A-A119-4642-8273-F502EBBB2AA8}.Debug|Mixed Platforms.Build.0 = Debug|Any CPU
		{C080A12A-A119-4642-8273-F502EBBB2AA8}.Debug|x86.ActiveCfg = Debug|Any CPU
		{C080A12A-A119-4642-8273-F502EBBB2AA8}.Release|Any CPU.ActiveCfg = Release|Any CPU
		{C080A12A-A119-4642-8273-F502EBBB2AA8}.Release|Any CPU.Build.0 = Release|Any CPU
		{C080A12A-A119-4642-8273-F502EBBB2AA8}.Release|Mixed Platforms.ActiveCfg = Release|Any CPU
		{C080A12A-A119-4642-8273-F502EBBB2AA8}.Release|Mixed Platforms.Build.0 = Release|Any CPU
		{C080A12A-A119-4642-8273-F502EBBB2AA8}.Release|x86.ActiveCfg = Release|Any CPU
		{535CBF52-BC04-4293-875E-3E8324DB2C3B}.Debug|Any CPU.ActiveCfg = Debug|Any CPU
		{535CBF52-BC04-4293-875E-3E8324DB2C3B}.Debug|Any CPU.Build.0 = Debug|Any CPU
		{535CBF52-BC04-4293-875E-3E8324DB2C3B}.Debug|Mixed Platforms.ActiveCfg = Debug|Any CPU
		{535CBF52-BC04-4293-875E-3E8324DB2C3B}.Debug|Mixed Platforms.Build.0 = Debug|Any CPU
		{535CBF52-BC04-4293-875E-3E8324DB2C3B}.Debug|x86.ActiveCfg = Debug|Any CPU
		{535CBF52-BC04-4293-875E-3E8324DB2C3B}.Release|Any CPU.ActiveCfg = Release|Any CPU
		{535CBF52-BC04-4293-875E-3E8324DB2C3B}.Release|Any CPU.Build.0 = Release|Any CPU
		{535CBF52-BC04-4293-875E-3E8324DB2C3B}.Release|Mixed Platforms.ActiveCfg = Release|Any CPU
		{535CBF52-BC04-4293-875E-3E8324DB2C3B}.Release|Mixed Platforms.Build.0 = Release|Any CPU
		{535CBF52-BC04-4293-875E-3E8324DB2C3B}.Release|x86.ActiveCfg = Release|Any CPU
		{269CFDF1-B6D2-4F46-9D49-AD6BE74EBF18}.Debug|Any CPU.ActiveCfg = Debug|Any CPU
		{269CFDF1-B6D2-4F46-9D49-AD6BE74EBF18}.Debug|Any CPU.Build.0 = Debug|Any CPU
		{269CFDF1-B6D2-4F46-9D49-AD6BE74EBF18}.Debug|Mixed Platforms.ActiveCfg = Debug|Any CPU
		{269CFDF1-B6D2-4F46-9D49-AD6BE74EBF18}.Debug|Mixed Platforms.Build.0 = Debug|Any CPU
		{269CFDF1-B6D2-4F46-9D49-AD6BE74EBF18}.Debug|x86.ActiveCfg = Debug|Any CPU
		{269CFDF1-B6D2-4F46-9D49-AD6BE74EBF18}.Release|Any CPU.ActiveCfg = Release|Any CPU
		{269CFDF1-B6D2-4F46-9D49-AD6BE74EBF18}.Release|Any CPU.Build.0 = Release|Any CPU
		{269CFDF1-B6D2-4F46-9D49-AD6BE74EBF18}.Release|Mixed Platforms.ActiveCfg = Release|Any CPU
		{269CFDF1-B6D2-4F46-9D49-AD6BE74EBF18}.Release|Mixed Platforms.Build.0 = Release|Any CPU
		{269CFDF1-B6D2-4F46-9D49-AD6BE74EBF18}.Release|x86.ActiveCfg = Release|Any CPU
		{0E8956F5-9ACB-45C6-8CB6-56B0B80E11E7}.Debug|Any CPU.ActiveCfg = Debug|Any CPU
		{0E8956F5-9ACB-45C6-8CB6-56B0B80E11E7}.Debug|Any CPU.Build.0 = Debug|Any CPU
		{0E8956F5-9ACB-45C6-8CB6-56B0B80E11E7}.Debug|Mixed Platforms.ActiveCfg = Debug|Any CPU
		{0E8956F5-9ACB-45C6-8CB6-56B0B80E11E7}.Debug|Mixed Platforms.Build.0 = Debug|Any CPU
		{0E8956F5-9ACB-45C6-8CB6-56B0B80E11E7}.Debug|x86.ActiveCfg = Debug|Any CPU
		{0E8956F5-9ACB-45C6-8CB6-56B0B80E11E7}.Release|Any CPU.ActiveCfg = Release|Any CPU
		{0E8956F5-9ACB-45C6-8CB6-56B0B80E11E7}.Release|Any CPU.Build.0 = Release|Any CPU
		{0E8956F5-9ACB-45C6-8CB6-56B0B80E11E7}.Release|Mixed Platforms.ActiveCfg = Release|Any CPU
		{0E8956F5-9ACB-45C6-8CB6-56B0B80E11E7}.Release|Mixed Platforms.Build.0 = Release|Any CPU
		{0E8956F5-9ACB-45C6-8CB6-56B0B80E11E7}.Release|x86.ActiveCfg = Release|Any CPU
	EndGlobalSection
	GlobalSection(SolutionProperties) = preSolution
		HideSolutionNode = FALSE
	EndGlobalSection
	GlobalSection(NestedProjects) = preSolution
		{1861493C-FE27-4839-8643-7F939641BBCE} = {A646E9BA-2886-4828-95F1-5D4BB4C9F16A}
		{52E03AFD-64F7-43C0-8610-9689B217E7F6} = {A646E9BA-2886-4828-95F1-5D4BB4C9F16A}
		{72B1A3CD-439D-43D5-86E7-06BFC33B7ACB} = {A646E9BA-2886-4828-95F1-5D4BB4C9F16A}
		{4B90807C-7130-456A-B76A-74895965ADE4} = {A646E9BA-2886-4828-95F1-5D4BB4C9F16A}
		{B48F3A19-3AD1-41F7-86FC-A8649B07E85F} = {A646E9BA-2886-4828-95F1-5D4BB4C9F16A}
		{72E591D6-8F83-4D8C-8F67-9C325E623234} = {A646E9BA-2886-4828-95F1-5D4BB4C9F16A}
		{5B1710D2-5DC8-4754-91B2-19165DE49B3D} = {A646E9BA-2886-4828-95F1-5D4BB4C9F16A}
		{7779B6EA-971C-4763-AA54-149DA3CEB1D7} = {A646E9BA-2886-4828-95F1-5D4BB4C9F16A}
		{986343A5-4EAD-4C44-A611-858D9FBCB435} = {A646E9BA-2886-4828-95F1-5D4BB4C9F16A}
		{F7412E57-4A0F-4D72-84C8-4CD85D1955B3} = {1861493C-FE27-4839-8643-7F939641BBCE}
		{1578ED81-988F-4184-9ECB-C229BB399F99} = {1861493C-FE27-4839-8643-7F939641BBCE}
		{CFF27B4E-357A-4434-A851-C3B789CAACDD} = {1861493C-FE27-4839-8643-7F939641BBCE}
		{786B226C-A8C4-4C69-AE76-E89A0B49DD62} = {1861493C-FE27-4839-8643-7F939641BBCE}
		{63D48FC6-3E86-4CF8-A1CE-04FD67C011FC} = {1861493C-FE27-4839-8643-7F939641BBCE}
		{2D3BBAF7-FC23-4E6E-B676-95A35B66CD49} = {1861493C-FE27-4839-8643-7F939641BBCE}
		{3C96B1E2-ED59-4A47-A197-8A20BEA70754} = {1861493C-FE27-4839-8643-7F939641BBCE}
		{85175EB7-5766-4312-A0CB-0ACF571432CA} = {72B1A3CD-439D-43D5-86E7-06BFC33B7ACB}
		{45B8A409-3C68-419F-8ABB-4E088B5F17DA} = {72B1A3CD-439D-43D5-86E7-06BFC33B7ACB}
		{AA8DC8D6-8B11-435B-8E30-2745BF89D275} = {72B1A3CD-439D-43D5-86E7-06BFC33B7ACB}
		{4AB69370-1C22-4ABD-9D8A-3EF9DBAF0CCF} = {72B1A3CD-439D-43D5-86E7-06BFC33B7ACB}
		{7FDCD7A5-F1D8-4BB2-9FE1-5B75102BAA04} = {6CE41987-A839-44B9-80FC-350BEFB09252}
		{46A79277-C12B-4696-9730-48019A47748D} = {6CE41987-A839-44B9-80FC-350BEFB09252}
		{377EE6D3-5C3E-442D-A6C5-FE62EEECE68E} = {4D8B81BC-45D0-43C2-A650-94AABAC103B6}
		{552BAE75-38C6-4408-B3E5-D0373AC75C57} = {4D8B81BC-45D0-43C2-A650-94AABAC103B6}
		{4F03F26B-B2AB-4035-868B-6ADEB2E6A1F0} = {4D8B81BC-45D0-43C2-A650-94AABAC103B6}
		{2C03A00E-8CBD-41B4-9926-AEB165C475DA} = {4D8B81BC-45D0-43C2-A650-94AABAC103B6}
		{0E8956F5-9ACB-45C6-8CB6-56B0B80E11E7} = {4D8B81BC-45D0-43C2-A650-94AABAC103B6}
		{5A0B3777-2F49-4695-B46E-830FFD7A3CE7} = {65AE823C-FE83-4292-B1E5-FF0D9B2EC580}
		{C080A12A-A119-4642-8273-F502EBBB2AA8} = {65AE823C-FE83-4292-B1E5-FF0D9B2EC580}
		{535CBF52-BC04-4293-875E-3E8324DB2C3B} = {65AE823C-FE83-4292-B1E5-FF0D9B2EC580}
		{269CFDF1-B6D2-4F46-9D49-AD6BE74EBF18} = {65AE823C-FE83-4292-B1E5-FF0D9B2EC580}
	EndGlobalSection
EndGlobal
